
Microsoft Visual Studio Solution File, Format Version 12.00
# Visual Studio Version 16
VisualStudioVersion = 16.0.32802.440
MinimumVisualStudioVersion = 10.0.40219.1
Project("{FAE04EC0-301F-11D3-BF4B-00C04F79EFBC}") = "Ex2b", "Ex2b\Ex2b.csproj", "{23B372B3-35B3-4009-B134-763B03D0A057}"
EndProject
Global
	GlobalSection(SolutionConfigurationPlatforms) = preSolution
		Debug|Any CPU = Debug|Any CPU
		Release|Any CPU = Release|Any CPU
	EndGlobalSection
	GlobalSection(ProjectConfigurationPlatforms) = postSolution
		{23B372B3-35B3-4009-B134-763B03D0A057}.Debug|Any CPU.ActiveCfg = Debug|Any CPU
		{23B372B3-35B3-4009-B134-763B03D0A057}.Debug|Any CPU.Build.0 = Debug|Any CPU
		{23B372B3-35B3-4009-B134-763B03D0A057}.Release|Any CPU.ActiveCfg = Release|Any CPU
		{23B372B3-35B3-4009-B134-763B03D0A057}.Release|Any CPU.Build.0 = Release|Any CPU
	EndGlobalSection
	GlobalSection(SolutionProperties) = preSolution
		HideSolutionNode = FALSE
	EndGlobalSection
	GlobalSection(ExtensibilityGlobals) = postSolution
		SolutionGuid = {4E7E01A1-48A6-4664-823E-37AC9035B9C6}
	EndGlobalSection
EndGlobal
